
Microsoft Visual Studio Solution File, Format Version 12.00
# Visual Studio Version 17
VisualStudioVersion = 17.12.35707.178
MinimumVisualStudioVersion = 10.0.40219.1
Project("{2150E333-8FDC-42A3-9474-1A3956D46DE8}") = "Projektmappenelemente", "Projektmappenelemente", "{3EDAC691-45D2-462B-BF7C-0B599D8BCD39}"
	ProjectSection(SolutionItems) = preProject
		.gitignore = .gitignore
		README.md = README.md
	EndProjectSection
EndProject
Project("{FAE04EC0-301F-11D3-BF4B-00C04F79EFBC}") = "ChatProject", "ChatProject\ChatProject\ChatProject.csproj", "{0A374801-A8C4-41D2-B057-D1B6FE59C195}"
EndProject
Project("{FAE04EC0-301F-11D3-BF4B-00C04F79EFBC}") = "ChatServer", "ChatServer\ChatServer\ChatServer.csproj", "{C68BADBF-EEFC-4026-851E-DBED19F1C6DB}"
EndProject
Global
	GlobalSection(SolutionConfigurationPlatforms) = preSolution
		Debug|Any CPU = Debug|Any CPU
		Release|Any CPU = Release|Any CPU
	EndGlobalSection
	GlobalSection(ProjectConfigurationPlatforms) = postSolution
		{0A374801-A8C4-41D2-B057-D1B6FE59C195}.Debug|Any CPU.ActiveCfg = Debug|Any CPU
		{0A374801-A8C4-41D2-B057-D1B6FE59C195}.Debug|Any CPU.Build.0 = Debug|Any CPU
		{0A374801-A8C4-41D2-B057-D1B6FE59C195}.Release|Any CPU.ActiveCfg = Release|Any CPU
		{0A374801-A8C4-41D2-B057-D1B6FE59C195}.Release|Any CPU.Build.0 = Release|Any CPU
		{C68BADBF-EEFC-4026-851E-DBED19F1C6DB}.Debug|Any CPU.ActiveCfg = Debug|Any CPU
		{C68BADBF-EEFC-4026-851E-DBED19F1C6DB}.Debug|Any CPU.Build.0 = Debug|Any CPU
		{C68BADBF-EEFC-4026-851E-DBED19F1C6DB}.Release|Any CPU.ActiveCfg = Release|Any CPU
		{C68BADBF-EEFC-4026-851E-DBED19F1C6DB}.Release|Any CPU.Build.0 = Release|Any CPU
	EndGlobalSection
	GlobalSection(SolutionProperties) = preSolution
		HideSolutionNode = FALSE
	EndGlobalSection
EndGlobal
