
Microsoft Visual Studio Solution File, Format Version 12.00
# Visual Studio Version 17
VisualStudioVersion = 17.12.35707.178 d17.12
MinimumVisualStudioVersion = 10.0.40219.1
Project("{FAE04EC0-301F-11D3-BF4B-00C04F79EFBC}") = "ChatProject", "ChatProject\ChatProject.csproj", "{978AB580-3B87-40FC-83A6-DCA308C242EF}"
EndProject
Global
	GlobalSection(SolutionConfigurationPlatforms) = preSolution
		Debug|Any CPU = Debug|Any CPU
		Release|Any CPU = Release|Any CPU
	EndGlobalSection
	GlobalSection(ProjectConfigurationPlatforms) = postSolution
		{978AB580-3B87-40FC-83A6-DCA308C242EF}.Debug|Any CPU.ActiveCfg = Debug|Any CPU
		{978AB580-3B87-40FC-83A6-DCA308C242EF}.Debug|Any CPU.Build.0 = Debug|Any CPU
		{978AB580-3B87-40FC-83A6-DCA308C242EF}.Release|Any CPU.ActiveCfg = Release|Any CPU
		{978AB580-3B87-40FC-83A6-DCA308C242EF}.Release|Any CPU.Build.0 = Release|Any CPU
	EndGlobalSection
	GlobalSection(SolutionProperties) = preSolution
		HideSolutionNode = FALSE
	EndGlobalSection
EndGlobal
